<?xml version="1.0" encoding="utf-8"?>
<Project ToolsVersion="4.0" xmlns="http://schemas.microsoft.com/developer/msbuild/2003">
  <ItemGroup>
    <Filter Include="Common">
      <UniqueIdentifier>6b3a9f66-518f-472a-960b-454711d6ee5b</UniqueIdentifier>
    </Filter>
    <Filter Include="Assets">
      <UniqueIdentifier>305cfd3f-bb57-4e1f-b131-e45df4d323fb</UniqueIdentifier>
      <Extensions>ico;cur;bmp;dds;dlg;fbx;rct;bin;rgs;gif;jpg;jpeg;jpe;resx;tga;tiff;tif;png;wav;mfcribbon-ms</Extensions>
    </Filter>
    <Filter Include="Game">
      <UniqueIdentifier>{fc7fcf1f-222c-4d14-8424-868572e5eeda}</UniqueIdentifier>
    </Filter>
    <Filter Include="Game\PlayScene">
      <UniqueIdentifier>{43e115e2-8b60-43a0-952b-78dc9914c439}</UniqueIdentifier>
    </Filter>
    <Filter Include="Game\TitleScene">
      <UniqueIdentifier>{82457628-7c47-4e1a-b66b-f7c31c8520d4}</UniqueIdentifier>
    </Filter>
    <Filter Include="Libraries">
      <UniqueIdentifier>{4815bf3b-80b6-4d50-b582-332fd26fac9b}</UniqueIdentifier>
    </Filter>
    <Filter Include="Libraries\MyLibraries">
      <UniqueIdentifier>{811c2a07-d587-445e-9410-603255c1846d}</UniqueIdentifier>
    </Filter>
    <Filter Include="Resources">
      <UniqueIdentifier>{20bda224-49e4-4621-bbd2-d3720eb4e2a5}</UniqueIdentifier>
    </Filter>
    <Filter Include="Resources\Textures">
      <UniqueIdentifier>{a7088ee9-fd00-4d18-b3f2-71b96f0dc9c8}</UniqueIdentifier>
    </Filter>
    <Filter Include="Resources\Fonts">
      <UniqueIdentifier>{eea3c579-7cc7-4e3d-b495-74ec5c148a13}</UniqueIdentifier>
    </Filter>
    <Filter Include="Resources\Icon">
      <UniqueIdentifier>{e17ffd14-7217-4e09-89a0-685e2df92d2e}</UniqueIdentifier>
    </Filter>
    <Filter Include="Resources\Models">
      <UniqueIdentifier>{89530e9a-e668-4911-9f24-e91850b1f232}</UniqueIdentifier>
    </Filter>
    <Filter Include="Game\GameObject">
      <UniqueIdentifier>{0383f224-791b-41c4-9c02-6f66b7c2346f}</UniqueIdentifier>
    </Filter>
    <Filter Include="Game\GameObject\Actor">
      <UniqueIdentifier>{c437aceb-2505-4b5d-a859-e366d8cbfb6f}</UniqueIdentifier>
    </Filter>
    <Filter Include="Game\GameContext">
      <UniqueIdentifier>{6fb00c55-3f29-43af-b60c-a214051d199c}</UniqueIdentifier>
    </Filter>
    <Filter Include="Game\GameObject\Collider">
      <UniqueIdentifier>{7d8f4427-44d4-4363-9d50-25513b8e7989}</UniqueIdentifier>
    </Filter>
    <Filter Include="Game\GameObject\Collider\AABBFor3D">
      <UniqueIdentifier>{48e9e40a-e215-4359-8433-17a7e4d41fe0}</UniqueIdentifier>
    </Filter>
    <Filter Include="Game\GameObject\Collider\Capsule">
      <UniqueIdentifier>{7b1b1fb4-f76d-4f24-ba15-646bb1f8ce29}</UniqueIdentifier>
    </Filter>
    <Filter Include="Game\GameObject\Collider\PolygonToLineSegment">
      <UniqueIdentifier>{4074f6a1-522d-4e91-889b-ec61c30a7267}</UniqueIdentifier>
    </Filter>
    <Filter Include="Game\Shader">
      <UniqueIdentifier>{86aa0b50-7da5-4302-8713-a1c7e08df45a}</UniqueIdentifier>
    </Filter>
    <Filter Include="Game\Shader\HLSL">
      <UniqueIdentifier>{6e70c0be-cb02-4214-9108-e233d7d92b73}</UniqueIdentifier>
    </Filter>
    <Filter Include="Game\GameObject\Player">
      <UniqueIdentifier>{7cc49d25-2e9d-4395-b727-f32ce454e6d1}</UniqueIdentifier>
    </Filter>
  </ItemGroup>
  <ItemGroup>
    <ClInclude Include="pch.h" />
    <ClInclude Include="Game.h" />
    <ClInclude Include="StepTimer.h">
      <Filter>Common</Filter>
    </ClInclude>
    <ClInclude Include="DeviceResources.h">
      <Filter>Common</Filter>
    </ClInclude>
    <ClInclude Include="Game\GameMain.h">
      <Filter>Game</Filter>
    </ClInclude>
    <ClInclude Include="Game\IScene.h">
      <Filter>Game</Filter>
    </ClInclude>
    <ClInclude Include="Game\PlayScene\PlayScene.h">
      <Filter>Game\PlayScene</Filter>
    </ClInclude>
    <ClInclude Include="Game\TitleScene\TitleScene.h">
      <Filter>Game\TitleScene</Filter>
    </ClInclude>
    <ClInclude Include="Libraries\MyLibraries\DebugCamera.h">
      <Filter>Libraries\MyLibraries</Filter>
    </ClInclude>
    <ClInclude Include="Libraries\MyLibraries\GridFloor.h">
      <Filter>Libraries\MyLibraries</Filter>
    </ClInclude>
    <ClInclude Include="Libraries\MyLibraries\Camera.h">
      <Filter>Libraries\MyLibraries</Filter>
    </ClInclude>
    <ClInclude Include="Resources\Icon\Icon.h">
      <Filter>Resources\Icon</Filter>
    </ClInclude>
    <ClInclude Include="Libraries\MyLibraries\FileLoadManager.h">
      <Filter>Libraries\MyLibraries</Filter>
    </ClInclude>
    <ClInclude Include="Libraries\MyLibraries\MemoryLeakDetector.h">
      <Filter>Libraries\MyLibraries</Filter>
    </ClInclude>
    <ClInclude Include="Libraries\MyLibraries\ModelManager.h">
      <Filter>Libraries\MyLibraries</Filter>
    </ClInclude>
    <ClInclude Include="Libraries\MyLibraries\Singleton.h">
      <Filter>Libraries\MyLibraries</Filter>
    </ClInclude>
    <ClInclude Include="Libraries\MyLibraries\TextureManager.h">
      <Filter>Libraries\MyLibraries</Filter>
    </ClInclude>
    <ClInclude Include="Game\GameObject\Actor\Actor.h">
      <Filter>Game\GameObject\Actor</Filter>
    </ClInclude>
    <ClInclude Include="Game\GameObject\Actor\IActor.h">
      <Filter>Game\GameObject\Actor</Filter>
    </ClInclude>
    <ClInclude Include="Game\GameObject\Collider\AABBFor3D\AABBFor3D.h">
      <Filter>Game\GameObject\Collider\AABBFor3D</Filter>
    </ClInclude>
    <ClInclude Include="Game\GameObject\Collider\Capsule\Capsule.h">
      <Filter>Game\GameObject\Collider\Capsule</Filter>
    </ClInclude>
    <ClInclude Include="Game\GameObject\Collider\PolygonToLineSegment\PolygonToLineSegment.h">
      <Filter>Game\GameObject\Collider\PolygonToLineSegment</Filter>
    </ClInclude>
    <ClInclude Include="Game\GameContext\GameContext.h">
      <Filter>Game\GameContext</Filter>
    </ClInclude>
    <ClInclude Include="Game\Shader\BinaryFile.h">
      <Filter>Game\Shader</Filter>
    </ClInclude>
    <ClInclude Include="Game\Shader\Fade.h">
      <Filter>Game\Shader</Filter>
    </ClInclude>
    <ClInclude Include="Game\Shader\FireEffectManager.h">
      <Filter>Game\Shader</Filter>
    </ClInclude>
    <ClInclude Include="Game\Shader\FireShader.h">
      <Filter>Game\Shader</Filter>
    </ClInclude>
    <ClInclude Include="Game\Shader\PlayerDeath.h">
      <Filter>Game\Shader</Filter>
    </ClInclude>
    <ClInclude Include="Game\Shader\ShadowMap.h">
      <Filter>Game\Shader</Filter>
    </ClInclude>
    <ClInclude Include="Libraries\MyLibraries\MyRandom.h">
      <Filter>Libraries\MyLibraries</Filter>
    </ClInclude>
    <ClInclude Include="Game\GameObject\Player\Player.h">
      <Filter>Game\GameObject\Player</Filter>
    </ClInclude>
  </ItemGroup>
  <ItemGroup>
    <ClCompile Include="pch.cpp" />
    <ClCompile Include="Game.cpp" />
    <ClCompile Include="Main.cpp" />
    <ClCompile Include="DeviceResources.cpp">
      <Filter>Common</Filter>
    </ClCompile>
    <ClCompile Include="Game\GameMain.cpp">
      <Filter>Game</Filter>
    </ClCompile>
    <ClCompile Include="Game\PlayScene\PlayScene.cpp">
      <Filter>Game\PlayScene</Filter>
    </ClCompile>
    <ClCompile Include="Game\TitleScene\TitleScene.cpp">
      <Filter>Game\TitleScene</Filter>
    </ClCompile>
    <ClCompile Include="Libraries\MyLibraries\DebugCamera.cpp">
      <Filter>Libraries\MyLibraries</Filter>
    </ClCompile>
    <ClCompile Include="Libraries\MyLibraries\GridFloor.cpp">
      <Filter>Libraries\MyLibraries</Filter>
    </ClCompile>
    <ClCompile Include="Libraries\MyLibraries\Camera.cpp">
      <Filter>Libraries\MyLibraries</Filter>
    </ClCompile>
    <ClCompile Include="Libraries\MyLibraries\FileLoadManager.cpp">
      <Filter>Libraries\MyLibraries</Filter>
    </ClCompile>
    <ClCompile Include="Libraries\MyLibraries\ModelManager.cpp">
      <Filter>Libraries\MyLibraries</Filter>
    </ClCompile>
    <ClCompile Include="Libraries\MyLibraries\TextureManager.cpp">
      <Filter>Libraries\MyLibraries</Filter>
    </ClCompile>
    <ClCompile Include="Game\GameObject\Actor\Actor.cpp">
      <Filter>Game\GameObject\Actor</Filter>
    </ClCompile>
    <ClCompile Include="Game\GameObject\Actor\IActor.cpp">
      <Filter>Game\GameObject\Actor</Filter>
    </ClCompile>
    <ClCompile Include="Game\GameObject\Collider\AABBFor3D\AABBFor3D.cpp">
      <Filter>Game\GameObject\Collider\AABBFor3D</Filter>
    </ClCompile>
    <ClCompile Include="Game\GameContext\GameContext.cpp">
      <Filter>Game\GameContext</Filter>
    </ClCompile>
    <ClCompile Include="Game\Shader\BinaryFile.cpp">
      <Filter>Game\Shader</Filter>
    </ClCompile>
    <ClCompile Include="Game\Shader\Fade.cpp">
      <Filter>Game\Shader</Filter>
    </ClCompile>
    <ClCompile Include="Game\Shader\FireEffectManager.cpp">
      <Filter>Game\Shader</Filter>
    </ClCompile>
    <ClCompile Include="Game\Shader\FireShader.cpp">
      <Filter>Game\Shader</Filter>
    </ClCompile>
    <ClCompile Include="Game\Shader\PlayerDeath.cpp">
      <Filter>Game\Shader</Filter>
    </ClCompile>
    <ClCompile Include="Game\Shader\ShadowMap.cpp">
      <Filter>Game\Shader</Filter>
    </ClCompile>
    <ClCompile Include="Libraries\MyLibraries\MyRandom.cpp">
      <Filter>Libraries\MyLibraries</Filter>
    </ClCompile>
    <ClCompile Include="Game\GameObject\Player\Player.cpp">
      <Filter>Game\GameObject\Player</Filter>
    </ClCompile>
  </ItemGroup>
  <ItemGroup>
    <ResourceCompile Include="resource.rc" />
    <ResourceCompile Include="Resources\Icon\Icon.rc">
      <Filter>Resources\Icon</Filter>
    </ResourceCompile>
  </ItemGroup>
  <ItemGroup>
    <Image Include="directx.ico">
      <Filter>Assets</Filter>
    </Image>
    <Image Include="Resources\Textures\TridentLogo.png">
      <Filter>Resources\Textures</Filter>
    </Image>
    <Image Include="Resources\Icon\Icon.ico">
      <Filter>Resources\Icon</Filter>
    </Image>
  </ItemGroup>
  <ItemGroup>
    <Manifest Include="settings.manifest">
      <Filter>Assets</Filter>
    </Manifest>
  </ItemGroup>
  <ItemGroup>
    <None Include="Resources\Fonts\myfile.spritefont">
      <Filter>Resources\Fonts</Filter>
    </None>
    <None Include="Resources\Fonts\SegoeUI_18.spritefont">
      <Filter>Resources\Fonts</Filter>
    </None>
  </ItemGroup>
  <ItemGroup>
    <MeshContentTask Include="Resources\Assets\dice.FBX">
      <Filter>Assets</Filter>
    </MeshContentTask>
  </ItemGroup>
</Project>